Microsoft Visual Studio Solution File, Format Version 12.00
# Visual Studio Version 17
VisualStudioVersion = 17.0.31903.59
MinimumVisualStudioVersion = 10.0.40219.1
Project("{FAE04EC0-301F-11D3-BF4B-00C04F79EFBC}") = "IndustrialControls.Avalonia", "src\IndustrialControls.Avalonia\IndustrialControls.Avalonia.csproj", "{5A344F87-48EC-4C9A-A631-42AE73DA3145}"
EndProject
Project("{FAE04EC0-301F-11D3-BF4B-00C04F79EFBC}") = "IndustrialControls.Avalonia.Demo", "src\IndustrialControls.Avalonia.Demo\IndustrialControls.Avalonia.Demo.csproj", "{97D11E74-1502-463D-8263-3C5A1F0319E7}"
EndProject
Project("{FAE04EC0-301F-11D3-BF4B-00C04F79EFBC}") = "IndustrialControls.Avalonia.Tests", "tests\IndustrialControls.Avalonia.Tests\IndustrialControls.Avalonia.Tests.csproj", "{6E2C2FEF-D504-47B1-A328-7F4A7A99E780}"
EndProject
Global
	GlobalSection(SolutionConfigurationPlatforms) = preSolution
		Debug|Any CPU = Debug|Any CPU
		Release|Any CPU = Release|Any CPU
	EndGlobalSection
	GlobalSection(ProjectConfigurationPlatforms) = postSolution
		{5A344F87-48EC-4C9A-A631-42AE73DA3145}.Debug|Any CPU.ActiveCfg = Debug|Any CPU
		{5A344F87-48EC-4C9A-A631-42AE73DA3145}.Debug|Any CPU.Build.0 = Debug|Any CPU
		{5A344F87-48EC-4C9A-A631-42AE73DA3145}.Release|Any CPU.ActiveCfg = Release|Any CPU
		{5A344F87-48EC-4C9A-A631-42AE73DA3145}.Release|Any CPU.Build.0 = Release|Any CPU
		{97D11E74-1502-463D-8263-3C5A1F0319E7}.Debug|Any CPU.ActiveCfg = Debug|Any CPU
		{97D11E74-1502-463D-8263-3C5A1F0319E7}.Debug|Any CPU.Build.0 = Debug|Any CPU
		{97D11E74-1502-463D-8263-3C5A1F0319E7}.Release|Any CPU.ActiveCfg = Release|Any CPU
		{97D11E74-1502-463D-8263-3C5A1F0319E7}.Release|Any CPU.Build.0 = Release|Any CPU
		{6E2C2FEF-D504-47B1-A328-7F4A7A99E780}.Debug|Any CPU.ActiveCfg = Debug|Any CPU
		{6E2C2FEF-D504-47B1-A328-7F4A7A99E780}.Debug|Any CPU.Build.0 = Debug|Any CPU
		{6E2C2FEF-D504-47B1-A328-7F4A7A99E780}.Release|Any CPU.ActiveCfg = Release|Any CPU
		{6E2C2FEF-D504-47B1-A328-7F4A7A99E780}.Release|Any CPU.Build.0 = Release|Any CPU
	EndGlobalSection
EndGlobal
